%% THIS FILE IS GENERATED. DO NOT EDIT IT MANUALLY %%

{sub_dirs,["rel"]}.
{deps,[{color,".*",
              {git,"git://github.com/julianduque/erlang-color",
                   "a83c98a8ec5679626799446ddb29668044e20e30"},
              "master"},
       {getopt,".*",
               {git,"git://github.com/jcomellas/getopt.git",
                    "659a28f4145bc9843598972854299dc4ea77e4cb"}},
       {goldrush,".*",
                 {git,"git://github.com/DeadZen/goldrush.git",
                      "71e63212f12c25827e0c1b4198d37d5d018a7fec"}},
       {lager,".*",
              {git,"git://github.com/basho/lager.git",
                   "b6b6cebcb27ccff8acc59ae775acebc2f52e4926"}},
       {neotoma,".*",
                {git,"git://github.com/seancribbs/neotoma.git",
                     "760928ec8870da02eb11bccb501e2700925d06c6"}},
       {cuttlefish,".*",
                   {git,"git://github.com/basho/cuttlefish.git",
                        "c92c8325aeaea6b6ba7516bbd434f8e408f87d60"}},
       {eleveldb,".*",
                 {git,"https://github.com/basho/eleveldb.git",
                      "a36dbd609c742d9ad572c38c3464730da3419248"}},
       {meck,".*",
             {git,"git://github.com/basho/meck.git",
                  "dde759050eff19a1a80fd854d7375174b191665d"}},
       {bitcask,".*",
                {git,"https://github.com/basho/bitcask.git",
                     "c74d0c43fdefdd435f7621ddf1fc2995b5bd123c"}},
       {rkvs,".*",
             {git,"git://github.com/ricardobcl/rkvs",
                  "301098d6c7d9798fde790d9da14ef088a5fb57eb"}},
       {poolboy,".*",
                {git,"git://github.com/basho/poolboy.git",
                     "8bb45fbc715c5f493642a1cc572ec7017d0d5fa3"}},
       {basho_stats,".*",
                    {git,"git://github.com/basho/basho_stats.git",
                         "19c532af235ae675439d491b329c55c2f9b02deb"}},
       {riak_sysmon,".*",
                    {git,"git://github.com/basho/riak_sysmon.git",
                         "cd11a7480c1e584a34d0438c2bcfde48c6f65a51"}},
       {riak_ensemble,".*",
                      {git,"git://github.com/basho/riak_ensemble",
                           "1a79eed4b50eb044dc72f8a15b6ae2d9b63e3387"}},
       {pbkdf2,".*",
               {git,"git://github.com/basho/erlang-pbkdf2.git",
                    "7076584f5377e98600a7e2cb81980b2992fb2f71"}},
       {edown,".*",
              {git,"git://github.com/uwiger/edown.git",
                   "d62ec85281e451a46ba30045917c119d65b72a84"}},
       {parse_trans,".*",
                    {git,"git://github.com/uwiger/parse_trans.git",
                         "82cc00264aa1bad8fc5c0739b7541feb4a843432"}},
       {bear,".*",
             {git,"git://github.com/basho/bear.git",
                  "da820a13c607c3f816ee8b83c587266da5389761"}},
       {folsom,".*",
               {git,"git://github.com/basho/folsom.git",
                    "72944523b6467c9f7add5f1c96dd5020424a2681"}},
       {setup,".*",
              {git,"git://github.com/uwiger/setup.git",
                   "51ee7c9f64d2bbe9dcbb58c278e8fbfd4d0ca5e2"}},
       {exometer_core,".*",
                      {git,"git://github.com/basho/exometer_core.git",
                           "b47a5d65d9500c2b8f6ccc50e34005503589ef77"}},
       {clique,".*",
               {git,"git://github.com/basho/clique.git",
                    "e332c8fff7742ca33ffe02da62d551878301b79e"}},
       {riak_core,".*",
                  {git,"git://github.com/basho/riak_core",
                       "e1ceb12a7d4daef36b0a8b355a40a7409a5ed1a0"}},
       {glc,".*",
            {git,"git://github.com/ricardobcl/GlobalLogicalClocks",
                 "b41df4432e248b780a3cbc0e054881c043671714"}},
       {rebar_lock_deps_plugin,".*",
                               {git,"git://github.com/seth/rebar_lock_deps_plugin.git",
                                    "7a5835029c42b8138325405237ea7e8516a84800"}},
       {ranch,".*",
              {git,"git://github.com/ninenines/ranch",
                   "c0566d4d986b9d143a7b066f52383652da5f7f74"}},
       {msgpack,".*",
                {git,"git://github.com/msgpack/msgpack-erlang.git",
                     "42bd13a9e4588590cb4736513be1c8673b9ba46b"}}]}.
{erl_opts,[debug_info,warnings_as_errors,{parse_transform,lager_transform}]}.
{plugins,[rebar_lock_deps_plugin]}.

